// !$*UTF8*$!
{
	archiveVersion = 1;
	classes = {
	};
	objectVersion = 46;
	objects = {

/* Begin PBXBuildFile section */
		E4B9956D1AE8B53E00D1D9EE /* RecordedAudio.swift in Sources */ = {isa = PBXBuildFile; fileRef = E4B9956C1AE8B53E00D1D9EE /* RecordedAudio.swift */; };
		E4D5F26B1AE1E9FE00E966A5 /* AppDelegate.swift in Sources */ = {isa = PBXBuildFile; fileRef = E4D5F26A1AE1E9FE00E966A5 /* AppDelegate.swift */; };
		E4D5F26D1AE1E9FE00E966A5 /* RecordSoundsViewController.swift in Sources */ = {isa = PBXBuildFile; fileRef = E4D5F26C1AE1E9FE00E966A5 /* RecordSoundsViewController.swift */; };
		E4D5F2701AE1E9FE00E966A5 /* Main.storyboard in Resources */ = {isa = PBXBuildFile; fileRef = E4D5F26E1AE1E9FE00E966A5 /* Main.storyboard */; };
		E4D5F2721AE1E9FE00E966A5 /* Images.xcassets in Resources */ = {isa = PBXBuildFile; fileRef = E4D5F2711AE1E9FE00E966A5 /* Images.xcassets */; };
		E4D5F2751AE1E9FE00E966A5 /* LaunchScreen.xib in Resources */ = {isa = PBXBuildFile; fileRef = E4D5F2731AE1E9FE00E966A5 /* LaunchScreen.xib */; };
		E4D5F2811AE1E9FF00E966A5 /* Pitch_PerfectTests.swift in Sources */ = {isa = PBXBuildFile; fileRef = E4D5F2801AE1E9FF00E966A5 /* Pitch_PerfectTests.swift */; };
		E4D5F28B1AE5A73400E966A5 /* PlaySoundsViewController.swift in Sources */ = {isa = PBXBuildFile; fileRef = E4D5F28A1AE5A73300E966A5 /* PlaySoundsViewController.swift */; };
/* End PBXBuildFile section */

/* Begin PBXContainerItemProxy section */
		E4D5F27B1AE1E9FE00E966A5 /* PBXContainerItemProxy */ = {
			isa = PBXContainerItemProxy;
			containerPortal = E4D5F25D1AE1E9FE00E966A5 /* Project object */;
			proxyType = 1;
			remoteGlobalIDString = E4D5F2641AE1E9FE00E966A5;
			remoteInfo = "Pitch Perfect";
		};
/* End PBXContainerItemProxy section */

/* Begin PBXFileReference section */
		E4B9956C1AE8B53E00D1D9EE /* RecordedAudio.swift */ = {isa = PBXFileReference; fileEncoding = 4; lastKnownFileType = sourcecode.swift; path = RecordedAudio.swift; sourceTree = "<group>"; };
		E4D5F2651AE1E9FE00E966A5 /* Pitch Perfect.app */ = {isa = PBXFileReference; explicitFileType = wrapper.application; includeInIndex = 0; path = "Pitch Perfect.app"; sourceTree = BUILT_PRODUCTS_DIR; };
		E4D5F2691AE1E9FE00E966A5 /* Info.plist */ = {isa = PBXFileReference; lastKnownFileType = text.plist.xml; path = Info.plist; sourceTree = "<group>"; };
		E4D5F26A1AE1E9FE00E966A5 /* AppDelegate.swift */ = {isa = PBXFileReference; lastKnownFileType = sourcecode.swift; path = AppDelegate.swift; sourceTree = "<group>"; };
		E4D5F26C1AE1E9FE00E966A5 /* RecordSoundsViewController.swift */ = {isa = PBXFileReference; lastKnownFileType = sourcecode.swift; path = RecordSoundsViewController.swift; sourceTree = "<group>"; };
		E4D5F26F1AE1E9FE00E966A5 /* Base */ = {isa = PBXFileReference; lastKnownFileType = file.storyboard; name = Base; path = Base.lproj/Main.storyboard; sourceTree = "<group>"; };
		E4D5F2711AE1E9FE00E966A5 /* Images.xcassets */ = {isa = PBXFileReference; lastKnownFileType = folder.assetcatalog; path = Images.xcassets; sourceTree = "<group>"; };
		E4D5F2741AE1E9FE00E966A5 /* Base */ = {isa = PBXFileReference; lastKnownFileType = file.xib; name = Base; path = Base.lproj/LaunchScreen.xib; sourceTree = "<group>"; };
		E4D5F27A1AE1E9FE00E966A5 /* Pitch PerfectTests.xctest */ = {isa = PBXFileReference; explicitFileType = wrapper.cfbundle; includeInIndex = 0; path = "Pitch PerfectTests.xctest"; sourceTree = BUILT_PRODUCTS_DIR; };
		E4D5F27F1AE1E9FE00E966A5 /* Info.plist */ = {isa = PBXFileReference; lastKnownFileType = text.plist.xml; path = Info.plist; sourceTree = "<group>"; };
		E4D5F2801AE1E9FF00E966A5 /* Pitch_PerfectTests.swift */ = {isa = PBXFileReference; lastKnownFileType = sourcecode.swift; path = Pitch_PerfectTests.swift; sourceTree = "<group>"; };
		E4D5F28A1AE5A73300E966A5 /* PlaySoundsViewController.swift */ = {isa = PBXFileReference; fileEncoding = 4; lastKnownFileType = sourcecode.swift; path = PlaySoundsViewController.swift; sourceTree = "<group>"; };
/* End PBXFileReference section */

/* Begin PBXFrameworksBuildPhase section */
		E4D5F2621AE1E9FE00E966A5 /* Frameworks */ = {
			isa = PBXFrameworksBuildPhase;
			buildActionMask = 2147483647;
			files = (
			);
			runOnlyForDeploymentPostprocessing = 0;
		};
		E4D5F2771AE1E9FE00E966A5 /* Frameworks */ = {
			isa = PBXFrameworksBuildPhase;
			buildActionMask = 2147483647;
			files = (
			);
			runOnlyForDeploymentPostprocessing = 0;
		};
/* End PBXFrameworksBuildPhase section */

/* Begin PBXGroup section */
		E4D5F25C1AE1E9FE00E966A5 = {
			isa = PBXGroup;
			children = (
				E4D5F2671AE1E9FE00E966A5 /* Pitch Perfect */,
				E4D5F27D1AE1E9FE00E966A5 /* Pitch PerfectTests */,
				E4D5F2661AE1E9FE00E966A5 /* Products */,
			);
			sourceTree = "<group>";
		};
		E4D5F2661AE1E9FE00E966A5 /* Products */ = {
			isa = PBXGroup;
			children = (
				E4D5F2651AE1E9FE00E966A5 /* Pitch Perfect.app */,
				E4D5F27A1AE1E9FE00E966A5 /* Pitch PerfectTests.xctest */,
			);
			name = Products;
			sourceTree = "<group>";
		};
		E4D5F2671AE1E9FE00E966A5 /* Pitch Perfect */ = {
			isa = PBXGroup;
			children = (
				E4D5F26A1AE1E9FE00E966A5 /* AppDelegate.swift */,
				E4D5F26C1AE1E9FE00E966A5 /* RecordSoundsViewController.swift */,
				E4D5F26E1AE1E9FE00E966A5 /* Main.storyboard */,
				E4B9956C1AE8B53E00D1D9EE /* RecordedAudio.swift */,
				E4D5F28A1AE5A73300E966A5 /* PlaySoundsViewController.swift */,
				E4D5F2711AE1E9FE00E966A5 /* Images.xcassets */,
				E4D5F2731AE1E9FE00E966A5 /* LaunchScreen.xib */,
				E4D5F2681AE1E9FE00E966A5 /* Supporting Files */,
			);
			path = "Pitch Perfect";
			sourceTree = "<group>";
		};
		E4D5F2681AE1E9FE00E966A5 /* Supporting Files */ = {
			isa = PBXGroup;
			children = (
				E4D5F2691AE1E9FE00E966A5 /* Info.plist */,
			);
			name = "Supporting Files";
			sourceTree = "<group>";
		};
		E4D5F27D1AE1E9FE00E966A5 /* Pitch PerfectTests */ = {
			isa = PBXGroup;
			children = (
				E4D5F2801AE1E9FF00E966A5 /* Pitch_PerfectTests.swift */,
				E4D5F27E1AE1E9FE00E966A5 /* Supporting Files */,
			);
			path = "Pitch PerfectTests";
			sourceTree = "<group>";
		};
		E4D5F27E1AE1E9FE00E966A5 /* Supporting Files */ = {
			isa = PBXGroup;
			children = (
				E4D5F27F1AE1E9FE00E966A5 /* Info.plist */,
			);
			name = "Supporting Files";
			sourceTree = "<group>";
		};
/* End PBXGroup section */

/* Begin PBXNativeTarget section */
		E4D5F2641AE1E9FE00E966A5 /* Pitch Perfect */ = {
			isa = PBXNativeTarget;
			buildConfigurationList = E4D5F2841AE1E9FF00E966A5 /* Build configuration list for PBXNativeTarget "Pitch Perfect" */;
			buildPhases = (
				E4D5F2611AE1E9FE00E966A5 /* Sources */,
				E4D5F2621AE1E9FE00E966A5 /* Frameworks */,
				E4D5F2631AE1E9FE00E966A5 /* Resources */,
			);
			buildRules = (
			);
			dependencies = (
			);
			name = "Pitch Perfect";
			productName = "Pitch Perfect";
			productReference = E4D5F2651AE1E9FE00E966A5 /* Pitch Perfect.app */;
			productType = "com.apple.product-type.application";
		};
		E4D5F2791AE1E9FE00E966A5 /* Pitch PerfectTests */ = {
			isa = PBXNativeTarget;
			buildConfigurationList = E4D5F2871AE1E9FF00E966A5 /* Build configuration list for PBXNativeTarget "Pitch PerfectTests" */;
			buildPhases = (
				E4D5F2761AE1E9FE00E966A5 /* Sources */,
				E4D5F2771AE1E9FE00E966A5 /* Frameworks */,
				E4D5F2781AE1E9FE00E966A5 /* Resources */,
			);
			buildRules = (
			);
			dependencies = (
				E4D5F27C1AE1E9FE00E966A5 /* PBXTargetDependency */,
			);
			name = "Pitch PerfectTests";
			productName = "Pitch PerfectTests";
			productReference = E4D5F27A1AE1E9FE00E966A5 /* Pitch PerfectTests.xctest */;
			productType = "com.apple.product-type.bundle.unit-test";
		};
/* End PBXNativeTarget section */

/* Begin PBXProject section */
		E4D5F25D1AE1E9FE00E966A5 /* Project object */ = {
			isa = PBXProject;
			attributes = {
				LastUpgradeCheck = 0630;
				ORGANIZATIONNAME = Cineron;
				TargetAttributes = {
					E4D5F2641AE1E9FE00E966A5 = {
						CreatedOnToolsVersion = 6.3;
					};
					E4D5F2791AE1E9FE00E966A5 = {
						CreatedOnToolsVersion = 6.3;
						TestTargetID = E4D5F2641AE1E9FE00E966A5;
					};
				};
			};
			buildConfigurationList = E4D5F2601AE1E9FE00E966A5 /* Build configuration list for PBXProject "Pitch Perfect" */;
			compatibilityVersion = "Xcode 3.2";
			developmentRegion = English;
			hasScannedForEncodings = 0;
			knownRegions = (
				en,
				Base,
			);
			mainGroup = E4D5F25C1AE1E9FE00E966A5;
			productRefGroup = E4D5F2661AE1E9FE00E966A5 /* Products */;
			projectDirPath = "";
			projectRoot = "";
			targets = (
				E4D5F2641AE1E9FE00E966A5 /* Pitch Perfect */,
				E4D5F2791AE1E9FE00E966A5 /* Pitch PerfectTests */,
			);
		};
/* End PBXProject section */

/* Begin PBXResourcesBuildPhase section */
		E4D5F2631AE1E9FE00E966A5 /* Resources */ = {
			isa = PBXResourcesBuildPhase;
			buildActionMask = 2147483647;
			files = (
				E4D5F2701AE1E9FE00E966A5 /* Main.storyboard in Resources */,
				E4D5F2751AE1E9FE00E966A5 /* LaunchScreen.xib in Resources */,
				E4D5F2721AE1E9FE00E966A5 /* Images.xcassets in Resources */,
			);
			runOnlyForDeploymentPostprocessing = 0;
		};
		E4D5F2781AE1E9FE00E966A5 /* Resources */ = {
			isa = PBXResourcesBuildPhase;
			buildActionMask = 2147483647;
			files = (
			);
			runOnlyForDeploymentPostprocessing = 0;
		};
/* End PBXResourcesBuildPhase section */

/* Begin PBXSourcesBuildPhase section */
		E4D5F2611AE1E9FE00E966A5 /* Sources */ = {
			isa = PBXSourcesBuildPhase;
			buildActionMask = 2147483647;
			files = (
				E4B9956D1AE8B53E00D1D9EE /* RecordedAudio.swift in Sources */,
				E4D5F26D1AE1E9FE00E966A5 /* RecordSoundsViewController.swift in Sources */,
				E4D5F28B1AE5A73400E966A5 /* PlaySoundsViewController.swift in Sources */,
				E4D5F26B1AE1E9FE00E966A5 /* AppDelegate.swift in Sources */,
			);
			runOnlyForDeploymentPostprocessing = 0;
		};
		E4D5F2761AE1E9FE00E966A5 /* Sources */ = {
			isa = PBXSourcesBuildPhase;
			buildActionMask = 2147483647;
			files = (
				E4D5F2811AE1E9FF00E966A5 /* Pitch_PerfectTests.swift in Sources */,
			);
			runOnlyForDeploymentPostprocessing = 0;
		};
/* End PBXSourcesBuildPhase section */

/* Begin PBXTargetDependency section */
		E4D5F27C1AE1E9FE00E966A5 /* PBXTargetDependency */ = {
			isa = PBXTargetDependency;
			target = E4D5F2641AE1E9FE00E966A5 /* Pitch Perfect */;
			targetProxy = E4D5F27B1AE1E9FE00E966A5 /* PBXContainerItemProxy */;
		};
/* End PBXTargetDependency section */

/* Begin PBXVariantGroup section */
		E4D5F26E1AE1E9FE00E966A5 /* Main.storyboard */ = {
			isa = PBXVariantGroup;
			children = (
				E4D5F26F1AE1E9FE00E966A5 /* Base */,
			);
			name = Main.storyboard;
			sourceTree = "<group>";
		};
		E4D5F2731AE1E9FE00E966A5 /* LaunchScreen.xib */ = {
			isa = PBXVariantGroup;
			children = (
				E4D5F2741AE1E9FE00E966A5 /* Base */,
			);
			name = LaunchScreen.xib;
			sourceTree = "<group>";
		};
/* End PBXVariantGroup section */

/* Begin XCBuildConfiguration section */
		E4D5F2821AE1E9FF00E966A5 /* Debug */ = {
			isa = XCBuildConfiguration;
			buildSettings = {
				ALWAYS_SEARCH_USER_PATHS = NO;
				CLANG_CXX_LANGUAGE_STANDARD = "gnu++0x";
				CLANG_CXX_LIBRARY = "libc++";
				CLANG_ENABLE_MODULES = YES;
				CLANG_ENABLE_OBJC_ARC = YES;
				CLANG_WARN_BOOL_CONVERSION = YES;
				CLANG_WARN_CONSTANT_CONVERSION = YES;
				CLANG_WARN_DIRECT_OBJC_ISA_USAGE = YES_ERROR;
				CLANG_WARN_EMPTY_BODY = YES;
				CLANG_WARN_ENUM_CONVERSION = YES;
				CLANG_WARN_INT_CONVERSION = YES;
				CLANG_WARN_OBJC_ROOT_CLASS = YES_ERROR;
				CLANG_WARN_UNREACHABLE_CODE = YES;
				CLANG_WARN__DUPLICATE_METHOD_MATCH = YES;
				"CODE_SIGN_IDENTITY[sdk=iphoneos*]" = "iPhone Developer";
				COPY_PHASE_STRIP = NO;
				DEBUG_INFORMATION_FORMAT = "dwarf-with-dsym";
				ENABLE_STRICT_OBJC_MSGSEND = YES;
				GCC_C_LANGUAGE_STANDARD = gnu99;
				GCC_DYNAMIC_NO_PIC = NO;
				GCC_NO_COMMON_BLOCKS = YES;
				GCC_OPTIMIZATION_LEVEL = 0;
				GCC_PREPROCESSOR_DEFINITIONS = (
					"DEBUG=1",
					"$(inherited)",
				);
				GCC_SYMBOLS_PRIVATE_EXTERN = NO;
				GCC_WARN_64_TO_32_BIT_CONVERSION = YES;
				GCC_WARN_ABOUT_RETURN_TYPE = YES_ERROR;
				GCC_WARN_UNDECLARED_SELECTOR = YES;
				GCC_WARN_UNINITIALIZED_AUTOS = YES_AGGRESSIVE;
				GCC_WARN_UNUSED_FUNCTION = YES;
				GCC_WARN_UNUSED_VARIABLE = YES;
				IPHONEOS_DEPLOYMENT_TARGET = 8.3;
				MTL_ENABLE_DEBUG_INFO = YES;
				ONLY_ACTIVE_ARCH = YES;
				SDKROOT = iphoneos;
				SWIFT_OPTIMIZATION_LEVEL = "-Onone";
			};
			name = Debug;
		};
		E4D5F2831AE1E9FF00E966A5 /* Release */ = {
			isa = XCBuildConfiguration;
			buildSettings = {
				ALWAYS_SEARCH_USER_PATHS = NO;
				CLANG_CXX_LANGUAGE_STANDARD = "gnu++0x";
				CLANG_CXX_LIBRARY = "libc++";
				CLANG_ENABLE_MODULES = YES;
				CLANG_ENABLE_OBJC_ARC = YES;
				CLANG_WARN_BOOL_CONVERSION = YES;
				CLANG_WARN_CONSTANT_CONVERSION = YES;
				CLANG_WARN_DIRECT_OBJC_ISA_USAGE = YES_ERROR;
				CLANG_WARN_EMPTY_BODY = YES;
				CLANG_WARN_ENUM_CONVERSION = YES;
				CLANG_WARN_INT_CONVERSION = YES;
				CLANG_WARN_OBJC_ROOT_CLASS = YES_ERROR;
				CLANG_WARN_UNREACHABLE_CODE = YES;
				CLANG_WARN__DUPLICATE_METHOD_MATCH = YES;
				"CODE_SIGN_IDENTITY[sdk=iphoneos*]" = "iPhone Developer";
				COPY_PHASE_STRIP = NO;
				DEBUG_INFORMATION_FORMAT = "dwarf-with-dsym";
				ENABLE_NS_ASSERTIONS = NO;
				ENABLE_STRICT_OBJC_MSGSEND = YES;
				GCC_C_LANGUAGE_STANDARD = gnu99;
				GCC_NO_COMMON_BLOCKS = YES;
				GCC_WARN_64_TO_32_BIT_CONVERSION = YES;
				GCC_WARN_ABOUT_RETURN_TYPE = YES_ERROR;
				GCC_WARN_UNDECLARED_SELECTOR = YES;
				GCC_WARN_UNINITIALIZED_AUTOS = YES_AGGRESSIVE;
				GCC_WARN_UNUSED_FUNCTION = YES;
				GCC_WARN_UNUSED_VARIABLE = YES;
				IPHONEOS_DEPLOYMENT_TARGET = 8.3;
				MTL_ENABLE_DEBUG_INFO = NO;
				SDKROOT = iphoneos;
				VALIDATE_PRODUCT = YES;
			};
			name = Release;
		};
		E4D5F2851AE1E9FF00E966A5 /* Debug */ = {
			isa = XCBuildConfiguration;
			buildSettings = {
				ASSETCATALOG_COMPILER_APPICON_NAME = AppIcon;
				INFOPLIST_FILE = "Pitch Perfect/Info.plist";
				LD_RUNPATH_SEARCH_PATHS = "$(inherited) @executable_path/Frameworks";
				PRODUCT_NAME = "$(TARGET_NAME)";
			};
			name = Debug;
		};
		E4D5F2861AE1E9FF00E966A5 /* Release */ = {
			isa = XCBuildConfiguration;
			buildSettings = {
				ASSETCATALOG_COMPILER_APPICON_NAME = AppIcon;
				INFOPLIST_FILE = "Pitch Perfect/Info.plist";
				LD_RUNPATH_SEARCH_PATHS = "$(inherited) @executable_path/Frameworks";
				PRODUCT_NAME = "$(TARGET_NAME)";
			};
			name = Release;
		};
		E4D5F2881AE1E9FF00E966A5 /* Debug */ = {
			isa = XCBuildConfiguration;
			buildSettings = {
				BUNDLE_LOADER = "$(TEST_HOST)";
				FRAMEWORK_SEARCH_PATHS = (
					"$(SDKROOT)/Developer/Library/Frameworks",
					"$(inherited)",
				);
				GCC_PREPROCESSOR_DEFINITIONS = (
					"DEBUG=1",
					"$(inherited)",
				);
				INFOPLIST_FILE = "Pitch PerfectTests/Info.plist";
				LD_RUNPATH_SEARCH_PATHS = "$(inherited) @executable_path/Frameworks @loader_path/Frameworks";
				PRODUCT_NAME = "$(TARGET_NAME)";
				TEST_HOST = "$(BUILT_PRODUCTS_DIR)/Pitch Perfect.app/Pitch Perfect";
			};
			name = Debug;
		};
		E4D5F2891AE1E9FF00E966A5 /* Release */ = {
			isa = XCBuildConfiguration;
			buildSettings = {
				BUNDLE_LOADER = "$(TEST_HOST)";
				FRAMEWORK_SEARCH_PATHS = (
					"$(SDKROOT)/Developer/Library/Frameworks",
					"$(inherited)",
				);
				INFOPLIST_FILE = "Pitch PerfectTests/Info.plist";
				LD_RUNPATH_SEARCH_PATHS = "$(inherited) @executable_path/Frameworks @loader_path/Frameworks";
				PRODUCT_NAME = "$(TARGET_NAME)";
				TEST_HOST = "$(BUILT_PRODUCTS_DIR)/Pitch Perfect.app/Pitch Perfect";
			};
			name = Release;
		};
/* End XCBuildConfiguration section */

/* Begin XCConfigurationList section */
		E4D5F2601AE1E9FE00E966A5 /* Build configuration list for PBXProject "Pitch Perfect" */ = {
			isa = XCConfigurationList;
			buildConfigurations = (
				E4D5F2821AE1E9FF00E966A5 /* Debug */,
				E4D5F2831AE1E9FF00E966A5 /* Release */,
			);
			defaultConfigurationIsVisible = 0;
			defaultConfigurationName = Release;
		};
		E4D5F2841AE1E9FF00E966A5 /* Build configuration list for PBXNativeTarget "Pitch Perfect" */ = {
			isa = XCConfigurationList;
			buildConfigurations = (
				E4D5F2851AE1E9FF00E966A5 /* Debug */,
				E4D5F2861AE1E9FF00E966A5 /* Release */,
			);
			defaultConfigurationIsVisible = 0;
			defaultConfigurationName = Release;
		};
		E4D5F2871AE1E9FF00E966A5 /* Build configuration list for PBXNativeTarget "Pitch PerfectTests" */ = {
			isa = XCConfigurationList;
			buildConfigurations = (
				E4D5F2881AE1E9FF00E966A5 /* Debug */,
				E4D5F2891AE1E9FF00E966A5 /* Release */,
			);
			defaultConfigurationIsVisible = 0;
			defaultConfigurationName = Release;
		};
/* End XCConfigurationList section */
	};
	rootObject = E4D5F25D1AE1E9FE00E966A5 /* Project object */;
}
